
Microsoft Visual Studio Solution File, Format Version 12.00
# Visual Studio Version 17
VisualStudioVersion = 17.14.36301.6 d17.14
MinimumVisualStudioVersion = 10.0.40219.1
Project("{FAE04EC0-301F-11D3-BF4B-00C04F79EFBC}") = "Contractor_Backend.Domain", "Contractor_Backend.Domain\Contractor_Backend.Domain.csproj", "{5B44F31F-80E2-4DC4-B296-A4194CDFEB38}"
EndProject
Project("{FAE04EC0-301F-11D3-BF4B-00C04F79EFBC}") = "Contractor_Backend.Application", "Contractor_Backend.Application\Contractor_Backend.Application.csproj", "{CC86F371-CF10-4744-B61B-3BDFD573AC7F}"
EndProject
Project("{FAE04EC0-301F-11D3-BF4B-00C04F79EFBC}") = "Contractor_Backend.Infrastructure", "Contractor_Backend.Infrastructure\Contractor_Backend.Infrastructure.csproj", "{466D7F6E-21B1-496F-AA79-8ABE002622AD}"
EndProject
Project("{FAE04EC0-301F-11D3-BF4B-00C04F79EFBC}") = "Contractor_Backend.Persistence", "Contractor_Backend.Persistence\Contractor_Backend.Persistence.csproj", "{EDE613A7-2210-45D0-98B7-9FA4579D1D61}"
EndProject
Project("{FAE04EC0-301F-11D3-BF4B-00C04F79EFBC}") = "Contractor_Backend.API", "Contractor_Backend.API\Contractor_Backend.API.csproj", "{032D0140-D4B5-4761-A8FE-752EA6568975}"
EndProject
Global
	GlobalSection(SolutionConfigurationPlatforms) = preSolution
		Debug|Any CPU = Debug|Any CPU
		Release|Any CPU = Release|Any CPU
	EndGlobalSection
	GlobalSection(ProjectConfigurationPlatforms) = postSolution
		{5B44F31F-80E2-4DC4-B296-A4194CDFEB38}.Debug|Any CPU.ActiveCfg = Debug|Any CPU
		{5B44F31F-80E2-4DC4-B296-A4194CDFEB38}.Debug|Any CPU.Build.0 = Debug|Any CPU
		{5B44F31F-80E2-4DC4-B296-A4194CDFEB38}.Release|Any CPU.ActiveCfg = Release|Any CPU
		{5B44F31F-80E2-4DC4-B296-A4194CDFEB38}.Release|Any CPU.Build.0 = Release|Any CPU
		{CC86F371-CF10-4744-B61B-3BDFD573AC7F}.Debug|Any CPU.ActiveCfg = Debug|Any CPU
		{CC86F371-CF10-4744-B61B-3BDFD573AC7F}.Debug|Any CPU.Build.0 = Debug|Any CPU
		{CC86F371-CF10-4744-B61B-3BDFD573AC7F}.Release|Any CPU.ActiveCfg = Release|Any CPU
		{CC86F371-CF10-4744-B61B-3BDFD573AC7F}.Release|Any CPU.Build.0 = Release|Any CPU
		{466D7F6E-21B1-496F-AA79-8ABE002622AD}.Debug|Any CPU.ActiveCfg = Debug|Any CPU
		{466D7F6E-21B1-496F-AA79-8ABE002622AD}.Debug|Any CPU.Build.0 = Debug|Any CPU
		{466D7F6E-21B1-496F-AA79-8ABE002622AD}.Release|Any CPU.ActiveCfg = Release|Any CPU
		{466D7F6E-21B1-496F-AA79-8ABE002622AD}.Release|Any CPU.Build.0 = Release|Any CPU
		{EDE613A7-2210-45D0-98B7-9FA4579D1D61}.Debug|Any CPU.ActiveCfg = Debug|Any CPU
		{EDE613A7-2210-45D0-98B7-9FA4579D1D61}.Debug|Any CPU.Build.0 = Debug|Any CPU
		{EDE613A7-2210-45D0-98B7-9FA4579D1D61}.Release|Any CPU.ActiveCfg = Release|Any CPU
		{EDE613A7-2210-45D0-98B7-9FA4579D1D61}.Release|Any CPU.Build.0 = Release|Any CPU
		{032D0140-D4B5-4761-A8FE-752EA6568975}.Debug|Any CPU.ActiveCfg = Debug|Any CPU
		{032D0140-D4B5-4761-A8FE-752EA6568975}.Debug|Any CPU.Build.0 = Debug|Any CPU
		{032D0140-D4B5-4761-A8FE-752EA6568975}.Release|Any CPU.ActiveCfg = Release|Any CPU
		{032D0140-D4B5-4761-A8FE-752EA6568975}.Release|Any CPU.Build.0 = Release|Any CPU
	EndGlobalSection
	GlobalSection(SolutionProperties) = preSolution
		HideSolutionNode = FALSE
	EndGlobalSection
	GlobalSection(ExtensibilityGlobals) = postSolution
		SolutionGuid = {2B41EED7-38DA-4D4D-8438-F09C6547F1D4}
	EndGlobalSection
EndGlobal
